
Microsoft Visual Studio Solution File, Format Version 12.00
# Visual Studio 15
VisualStudioVersion = 15.0.28010.2016
MinimumVisualStudioVersion = 10.0.40219.1
Project("{8BC9CEB8-8B4A-11D0-8D11-00A0C91BC942}") = "M07", "M07.vcxproj", "{5D8D9E42-61C5-4DC8-92B1-4270F21797BF}"
EndProject
Global
	GlobalSection(SolutionConfigurationPlatforms) = preSolution
		Debug|x64 = Debug|x64
		Debug|x86 = Debug|x86
		Release|x64 = Release|x64
		Release|x86 = Release|x86
	EndGlobalSection
	GlobalSection(ProjectConfigurationPlatforms) = postSolution
		{5D8D9E42-61C5-4DC8-92B1-4270F21797BF}.Debug|x64.ActiveCfg = Debug|x64
		{5D8D9E42-61C5-4DC8-92B1-4270F21797BF}.Debug|x64.Build.0 = Debug|x64
		{5D8D9E42-61C5-4DC8-92B1-4270F21797BF}.Debug|x86.ActiveCfg = Debug|Win32
		{5D8D9E42-61C5-4DC8-92B1-4270F21797BF}.Debug|x86.Build.0 = Debug|Win32
		{5D8D9E42-61C5-4DC8-92B1-4270F21797BF}.Release|x64.ActiveCfg = Release|x64
		{5D8D9E42-61C5-4DC8-92B1-4270F21797BF}.Release|x64.Build.0 = Release|x64
		{5D8D9E42-61C5-4DC8-92B1-4270F21797BF}.Release|x86.ActiveCfg = Release|Win32
		{5D8D9E42-61C5-4DC8-92B1-4270F21797BF}.Release|x86.Build.0 = Release|Win32
	EndGlobalSection
	GlobalSection(SolutionProperties) = preSolution
		HideSolutionNode = FALSE
	EndGlobalSection
	GlobalSection(ExtensibilityGlobals) = postSolution
		SolutionGuid = {9FAF34A3-0388-47D0-A3AA-5189B87D4924}
	EndGlobalSection
EndGlobal
